
Microsoft Visual Studio Solution File, Format Version 12.00
# Visual Studio Version 16
VisualStudioVersion = 16.0.30011.22
MinimumVisualStudioVersion = 10.0.40219.1
Project("{FAE04EC0-301F-11D3-BF4B-00C04F79EFBC}") = "Domotica2.0", "Domotica2.0.csproj", "{15575B1A-EBFB-413B-AE45-7A1B0DB5542B}"
EndProject
Global
	GlobalSection(SolutionConfigurationPlatforms) = preSolution
		Debug|Any CPU = Debug|Any CPU
		Release|Any CPU = Release|Any CPU
	EndGlobalSection
	GlobalSection(ProjectConfigurationPlatforms) = postSolution
		{15575B1A-EBFB-413B-AE45-7A1B0DB5542B}.Debug|Any CPU.ActiveCfg = Debug|Any CPU
		{15575B1A-EBFB-413B-AE45-7A1B0DB5542B}.Debug|Any CPU.Build.0 = Debug|Any CPU
		{15575B1A-EBFB-413B-AE45-7A1B0DB5542B}.Release|Any CPU.ActiveCfg = Release|Any CPU
		{15575B1A-EBFB-413B-AE45-7A1B0DB5542B}.Release|Any CPU.Build.0 = Release|Any CPU
	EndGlobalSection
	GlobalSection(SolutionProperties) = preSolution
		HideSolutionNode = FALSE
	EndGlobalSection
	GlobalSection(ExtensibilityGlobals) = postSolution
		SolutionGuid = {A18CCB07-1643-489E-9AEF-2B8D1BD74062}
	EndGlobalSection
EndGlobal
